
Microsoft Visual Studio Solution File, Format Version 12.00
# Visual Studio Version 16
VisualStudioVersion = 16.0.32428.217
MinimumVisualStudioVersion = 10.0.40219.1
Project("{FAE04EC0-301F-11D3-BF4B-00C04F79EFBC}") = "AptekFinal App", "AptekFinal App\AptekFinal App.csproj", "{B603C6F8-4B96-49FD-BDE0-5A6F63DCC824}"
EndProject
Global
	GlobalSection(SolutionConfigurationPlatforms) = preSolution
		Debug|Any CPU = Debug|Any CPU
		Release|Any CPU = Release|Any CPU
	EndGlobalSection
	GlobalSection(ProjectConfigurationPlatforms) = postSolution
		{B603C6F8-4B96-49FD-BDE0-5A6F63DCC824}.Debug|Any CPU.ActiveCfg = Debug|Any CPU
		{B603C6F8-4B96-49FD-BDE0-5A6F63DCC824}.Debug|Any CPU.Build.0 = Debug|Any CPU
		{B603C6F8-4B96-49FD-BDE0-5A6F63DCC824}.Release|Any CPU.ActiveCfg = Release|Any CPU
		{B603C6F8-4B96-49FD-BDE0-5A6F63DCC824}.Release|Any CPU.Build.0 = Release|Any CPU
	EndGlobalSection
	GlobalSection(SolutionProperties) = preSolution
		HideSolutionNode = FALSE
	EndGlobalSection
	GlobalSection(ExtensibilityGlobals) = postSolution
		SolutionGuid = {9136BEFF-9F7D-4166-AE1F-3946C0570B84}
	EndGlobalSection
EndGlobal
